
Microsoft Visual Studio Solution File, Format Version 12.00
# Visual Studio Version 17
VisualStudioVersion = 17.12.35707.178
MinimumVisualStudioVersion = 10.0.40219.1
Project("{8BC9CEB8-8B4A-11D0-8D11-00A0C91BC942}") = "practice_01_Real", "practice_01_Real\practice_01_Real.vcxproj", "{CB25B8E3-E41E-4D30-B7BE-1BDFDAAB19DB}"
EndProject
Project("{8BC9CEB8-8B4A-11D0-8D11-00A0C91BC942}") = "practice02", "practice02\practice02.vcxproj", "{22B2A61F-96AA-4855-9AD4-2E4E5316DD6F}"
EndProject
Project("{8BC9CEB8-8B4A-11D0-8D11-00A0C91BC942}") = "practice03_test.cpp", "practice03_test.cpp\practice03_test.cpp.vcxproj", "{0A2264EA-0A7D-4CA5-AE2E-CD4BE94961EB}"
EndProject
Project("{8BC9CEB8-8B4A-11D0-8D11-00A0C91BC942}") = "Project01_help", "Project01_help\Project01_help.vcxproj", "{E8C7A694-8360-4FC2-B16A-9E834D274EDA}"
EndProject
Project("{8BC9CEB8-8B4A-11D0-8D11-00A0C91BC942}") = "in_Class_2-19", "in_Class_2-19\in_Class_2-19.vcxproj", "{5FABA2C2-989D-43B6-A457-8916E1A7111E}"
EndProject
Project("{2150E333-8FDC-42A3-9474-1A3956D46DE8}") = "Practice", "Practice", "{89517837-4B79-4774-AB81-EFFB593D78E0}"
EndProject
Project("{2150E333-8FDC-42A3-9474-1A3956D46DE8}") = "Project", "Project", "{5A6981DD-84C2-4F08-89B7-BF29096967B5}"
EndProject
Project("{2150E333-8FDC-42A3-9474-1A3956D46DE8}") = "In Class", "In Class", "{388C015B-D53F-4465-A746-91BD69697040}"
EndProject
Project("{8BC9CEB8-8B4A-11D0-8D11-00A0C91BC942}") = "Project01", "Project01\Project01.vcxproj", "{78E54AE2-1C3C-4E50-9A5E-12C6348FEF74}"
EndProject
Project("{2150E333-8FDC-42A3-9474-1A3956D46DE8}") = "Midterm", "Midterm", "{E1D426E2-D54A-4573-9D85-E4A473714BA7}"
EndProject
Project("{8BC9CEB8-8B4A-11D0-8D11-00A0C91BC942}") = "number_gen", "number_gen\number_gen.vcxproj", "{198B4A39-3D3E-46DF-93F6-0E00BD0AA788}"
EndProject
Project("{8BC9CEB8-8B4A-11D0-8D11-00A0C91BC942}") = "treasure_Map", "treasure_Map\treasure_Map.vcxproj", "{A1D62266-C22B-4FB1-8B60-9563821C6AC0}"
EndProject
Project("{8BC9CEB8-8B4A-11D0-8D11-00A0C91BC942}") = "robot_Fleet", "robot_Fleet\robot_Fleet.vcxproj", "{89310651-0516-423A-B229-9689CEF04FBB}"
EndProject
Project("{8BC9CEB8-8B4A-11D0-8D11-00A0C91BC942}") = "number_Sort", "number_Sort\number_Sort.vcxproj", "{7825728B-8F09-46DE-8B8B-1DADF746636A}"
EndProject
Global
	GlobalSection(SolutionConfigurationPlatforms) = preSolution
		Debug|x64 = Debug|x64
		Debug|x86 = Debug|x86
		Release|x64 = Release|x64
		Release|x86 = Release|x86
	EndGlobalSection
	GlobalSection(ProjectConfigurationPlatforms) = postSolution
		{CB25B8E3-E41E-4D30-B7BE-1BDFDAAB19DB}.Debug|x64.ActiveCfg = Debug|x64
		{CB25B8E3-E41E-4D30-B7BE-1BDFDAAB19DB}.Debug|x64.Build.0 = Debug|x64
		{CB25B8E3-E41E-4D30-B7BE-1BDFDAAB19DB}.Debug|x86.ActiveCfg = Debug|Win32
		{CB25B8E3-E41E-4D30-B7BE-1BDFDAAB19DB}.Debug|x86.Build.0 = Debug|Win32
		{CB25B8E3-E41E-4D30-B7BE-1BDFDAAB19DB}.Release|x64.ActiveCfg = Release|x64
		{CB25B8E3-E41E-4D30-B7BE-1BDFDAAB19DB}.Release|x64.Build.0 = Release|x64
		{CB25B8E3-E41E-4D30-B7BE-1BDFDAAB19DB}.Release|x86.ActiveCfg = Release|Win32
		{CB25B8E3-E41E-4D30-B7BE-1BDFDAAB19DB}.Release|x86.Build.0 = Release|Win32
		{22B2A61F-96AA-4855-9AD4-2E4E5316DD6F}.Debug|x64.ActiveCfg = Debug|x64
		{22B2A61F-96AA-4855-9AD4-2E4E5316DD6F}.Debug|x64.Build.0 = Debug|x64
		{22B2A61F-96AA-4855-9AD4-2E4E5316DD6F}.Debug|x86.ActiveCfg = Debug|Win32
		{22B2A61F-96AA-4855-9AD4-2E4E5316DD6F}.Debug|x86.Build.0 = Debug|Win32
		{22B2A61F-96AA-4855-9AD4-2E4E5316DD6F}.Release|x64.ActiveCfg = Release|x64
		{22B2A61F-96AA-4855-9AD4-2E4E5316DD6F}.Release|x64.Build.0 = Release|x64
		{22B2A61F-96AA-4855-9AD4-2E4E5316DD6F}.Release|x86.ActiveCfg = Release|Win32
		{22B2A61F-96AA-4855-9AD4-2E4E5316DD6F}.Release|x86.Build.0 = Release|Win32
		{0A2264EA-0A7D-4CA5-AE2E-CD4BE94961EB}.Debug|x64.ActiveCfg = Debug|x64
		{0A2264EA-0A7D-4CA5-AE2E-CD4BE94961EB}.Debug|x64.Build.0 = Debug|x64
		{0A2264EA-0A7D-4CA5-AE2E-CD4BE94961EB}.Debug|x86.ActiveCfg = Debug|Win32
		{0A2264EA-0A7D-4CA5-AE2E-CD4BE94961EB}.Debug|x86.Build.0 = Debug|Win32
		{0A2264EA-0A7D-4CA5-AE2E-CD4BE94961EB}.Release|x64.ActiveCfg = Release|x64
		{0A2264EA-0A7D-4CA5-AE2E-CD4BE94961EB}.Release|x64.Build.0 = Release|x64
		{0A2264EA-0A7D-4CA5-AE2E-CD4BE94961EB}.Release|x86.ActiveCfg = Release|Win32
		{0A2264EA-0A7D-4CA5-AE2E-CD4BE94961EB}.Release|x86.Build.0 = Release|Win32
		{E8C7A694-8360-4FC2-B16A-9E834D274EDA}.Debug|x64.ActiveCfg = Debug|x64
		{E8C7A694-8360-4FC2-B16A-9E834D274EDA}.Debug|x64.Build.0 = Debug|x64
		{E8C7A694-8360-4FC2-B16A-9E834D274EDA}.Debug|x86.ActiveCfg = Debug|Win32
		{E8C7A694-8360-4FC2-B16A-9E834D274EDA}.Debug|x86.Build.0 = Debug|Win32
		{E8C7A694-8360-4FC2-B16A-9E834D274EDA}.Release|x64.ActiveCfg = Release|x64
		{E8C7A694-8360-4FC2-B16A-9E834D274EDA}.Release|x64.Build.0 = Release|x64
		{E8C7A694-8360-4FC2-B16A-9E834D274EDA}.Release|x86.ActiveCfg = Release|Win32
		{E8C7A694-8360-4FC2-B16A-9E834D274EDA}.Release|x86.Build.0 = Release|Win32
		{5FABA2C2-989D-43B6-A457-8916E1A7111E}.Debug|x64.ActiveCfg = Debug|x64
		{5FABA2C2-989D-43B6-A457-8916E1A7111E}.Debug|x64.Build.0 = Debug|x64
		{5FABA2C2-989D-43B6-A457-8916E1A7111E}.Debug|x86.ActiveCfg = Debug|Win32
		{5FABA2C2-989D-43B6-A457-8916E1A7111E}.Debug|x86.Build.0 = Debug|Win32
		{5FABA2C2-989D-43B6-A457-8916E1A7111E}.Release|x64.ActiveCfg = Release|x64
		{5FABA2C2-989D-43B6-A457-8916E1A7111E}.Release|x64.Build.0 = Release|x64
		{5FABA2C2-989D-43B6-A457-8916E1A7111E}.Release|x86.ActiveCfg = Release|Win32
		{5FABA2C2-989D-43B6-A457-8916E1A7111E}.Release|x86.Build.0 = Release|Win32
		{78E54AE2-1C3C-4E50-9A5E-12C6348FEF74}.Debug|x64.ActiveCfg = Debug|x64
		{78E54AE2-1C3C-4E50-9A5E-12C6348FEF74}.Debug|x64.Build.0 = Debug|x64
		{78E54AE2-1C3C-4E50-9A5E-12C6348FEF74}.Debug|x86.ActiveCfg = Debug|Win32
		{78E54AE2-1C3C-4E50-9A5E-12C6348FEF74}.Debug|x86.Build.0 = Debug|Win32
		{78E54AE2-1C3C-4E50-9A5E-12C6348FEF74}.Release|x64.ActiveCfg = Release|x64
		{78E54AE2-1C3C-4E50-9A5E-12C6348FEF74}.Release|x64.Build.0 = Release|x64
		{78E54AE2-1C3C-4E50-9A5E-12C6348FEF74}.Release|x86.ActiveCfg = Release|Win32
		{78E54AE2-1C3C-4E50-9A5E-12C6348FEF74}.Release|x86.Build.0 = Release|Win32
		{198B4A39-3D3E-46DF-93F6-0E00BD0AA788}.Debug|x64.ActiveCfg = Debug|x64
		{198B4A39-3D3E-46DF-93F6-0E00BD0AA788}.Debug|x64.Build.0 = Debug|x64
		{198B4A39-3D3E-46DF-93F6-0E00BD0AA788}.Debug|x86.ActiveCfg = Debug|Win32
		{198B4A39-3D3E-46DF-93F6-0E00BD0AA788}.Debug|x86.Build.0 = Debug|Win32
		{198B4A39-3D3E-46DF-93F6-0E00BD0AA788}.Release|x64.ActiveCfg = Release|x64
		{198B4A39-3D3E-46DF-93F6-0E00BD0AA788}.Release|x64.Build.0 = Release|x64
		{198B4A39-3D3E-46DF-93F6-0E00BD0AA788}.Release|x86.ActiveCfg = Release|Win32
		{198B4A39-3D3E-46DF-93F6-0E00BD0AA788}.Release|x86.Build.0 = Release|Win32
		{A1D62266-C22B-4FB1-8B60-9563821C6AC0}.Debug|x64.ActiveCfg = Debug|x64
		{A1D62266-C22B-4FB1-8B60-9563821C6AC0}.Debug|x64.Build.0 = Debug|x64
		{A1D62266-C22B-4FB1-8B60-9563821C6AC0}.Debug|x86.ActiveCfg = Debug|Win32
		{A1D62266-C22B-4FB1-8B60-9563821C6AC0}.Debug|x86.Build.0 = Debug|Win32
		{A1D62266-C22B-4FB1-8B60-9563821C6AC0}.Release|x64.ActiveCfg = Release|x64
		{A1D62266-C22B-4FB1-8B60-9563821C6AC0}.Release|x64.Build.0 = Release|x64
		{A1D62266-C22B-4FB1-8B60-9563821C6AC0}.Release|x86.ActiveCfg = Release|Win32
		{A1D62266-C22B-4FB1-8B60-9563821C6AC0}.Release|x86.Build.0 = Release|Win32
		{89310651-0516-423A-B229-9689CEF04FBB}.Debug|x64.ActiveCfg = Debug|x64
		{89310651-0516-423A-B229-9689CEF04FBB}.Debug|x64.Build.0 = Debug|x64
		{89310651-0516-423A-B229-9689CEF04FBB}.Debug|x86.ActiveCfg = Debug|Win32
		{89310651-0516-423A-B229-9689CEF04FBB}.Debug|x86.Build.0 = Debug|Win32
		{89310651-0516-423A-B229-9689CEF04FBB}.Release|x64.ActiveCfg = Release|x64
		{89310651-0516-423A-B229-9689CEF04FBB}.Release|x64.Build.0 = Release|x64
		{89310651-0516-423A-B229-9689CEF04FBB}.Release|x86.ActiveCfg = Release|Win32
		{89310651-0516-423A-B229-9689CEF04FBB}.Release|x86.Build.0 = Release|Win32
		{7825728B-8F09-46DE-8B8B-1DADF746636A}.Debug|x64.ActiveCfg = Debug|x64
		{7825728B-8F09-46DE-8B8B-1DADF746636A}.Debug|x64.Build.0 = Debug|x64
		{7825728B-8F09-46DE-8B8B-1DADF746636A}.Debug|x86.ActiveCfg = Debug|Win32
		{7825728B-8F09-46DE-8B8B-1DADF746636A}.Debug|x86.Build.0 = Debug|Win32
		{7825728B-8F09-46DE-8B8B-1DADF746636A}.Release|x64.ActiveCfg = Release|x64
		{7825728B-8F09-46DE-8B8B-1DADF746636A}.Release|x64.Build.0 = Release|x64
		{7825728B-8F09-46DE-8B8B-1DADF746636A}.Release|x86.ActiveCfg = Release|Win32
		{7825728B-8F09-46DE-8B8B-1DADF746636A}.Release|x86.Build.0 = Release|Win32
	EndGlobalSection
	GlobalSection(SolutionProperties) = preSolution
		HideSolutionNode = FALSE
	EndGlobalSection
	GlobalSection(NestedProjects) = preSolution
		{CB25B8E3-E41E-4D30-B7BE-1BDFDAAB19DB} = {89517837-4B79-4774-AB81-EFFB593D78E0}
		{22B2A61F-96AA-4855-9AD4-2E4E5316DD6F} = {89517837-4B79-4774-AB81-EFFB593D78E0}
		{0A2264EA-0A7D-4CA5-AE2E-CD4BE94961EB} = {89517837-4B79-4774-AB81-EFFB593D78E0}
		{E8C7A694-8360-4FC2-B16A-9E834D274EDA} = {5A6981DD-84C2-4F08-89B7-BF29096967B5}
		{5FABA2C2-989D-43B6-A457-8916E1A7111E} = {388C015B-D53F-4465-A746-91BD69697040}
		{78E54AE2-1C3C-4E50-9A5E-12C6348FEF74} = {5A6981DD-84C2-4F08-89B7-BF29096967B5}
		{198B4A39-3D3E-46DF-93F6-0E00BD0AA788} = {E1D426E2-D54A-4573-9D85-E4A473714BA7}
		{A1D62266-C22B-4FB1-8B60-9563821C6AC0} = {E1D426E2-D54A-4573-9D85-E4A473714BA7}
		{89310651-0516-423A-B229-9689CEF04FBB} = {E1D426E2-D54A-4573-9D85-E4A473714BA7}
		{7825728B-8F09-46DE-8B8B-1DADF746636A} = {E1D426E2-D54A-4573-9D85-E4A473714BA7}
	EndGlobalSection
EndGlobal
